
Microsoft Visual Studio Solution File, Format Version 12.00
# Visual Studio 14
VisualStudioVersion = 14.0.25420.1
MinimumVisualStudioVersion = 10.0.40219.1
Project("{FAE04EC0-301F-11D3-BF4B-00C04F79EFBC}") = "WakeMeUpApp.Android", "WakeMeUpApp\WakeMeUpApp.Android\WakeMeUpApp.Android.csproj", "{928D5EE5-E863-40C3-970C-8CC02958380D}"
EndProject
Project("{FAE04EC0-301F-11D3-BF4B-00C04F79EFBC}") = "WakeMeUpApp.iOS", "WakeMeUpApp\WakeMeUpApp.iOS\WakeMeUpApp.iOS.csproj", "{C99DEB08-1158-4FAF-ACB0-64FAF0F964AF}"
EndProject
Project("{FAE04EC0-301F-11D3-BF4B-00C04F79EFBC}") = "WakeMeUpApp", "WakeMeUpApp\WakeMeUpApp\WakeMeUpApp.csproj", "{B23D0F7C-3AE5-422B-A6D4-25EEFF6297E8}"
EndProject
Global
	GlobalSection(SolutionConfigurationPlatforms) = preSolution
		Debug|Any CPU = Debug|Any CPU
		Debug|iPhone = Debug|iPhone
		Debug|iPhoneSimulator = Debug|iPhoneSimulator
		Release|Any CPU = Release|Any CPU
		Release|iPhone = Release|iPhone
		Release|iPhoneSimulator = Release|iPhoneSimulator
	EndGlobalSection
	GlobalSection(ProjectConfigurationPlatforms) = postSolution
		{928D5EE5-E863-40C3-970C-8CC02958380D}.Debug|Any CPU.ActiveCfg = Debug|Any CPU
		{928D5EE5-E863-40C3-970C-8CC02958380D}.Debug|Any CPU.Build.0 = Debug|Any CPU
		{928D5EE5-E863-40C3-970C-8CC02958380D}.Debug|Any CPU.Deploy.0 = Debug|Any CPU
		{928D5EE5-E863-40C3-970C-8CC02958380D}.Debug|iPhone.ActiveCfg = Debug|Any CPU
		{928D5EE5-E863-40C3-970C-8CC02958380D}.Debug|iPhone.Build.0 = Debug|Any CPU
		{928D5EE5-E863-40C3-970C-8CC02958380D}.Debug|iPhone.Deploy.0 = Debug|Any CPU
		{928D5EE5-E863-40C3-970C-8CC02958380D}.Debug|iPhoneSimulator.ActiveCfg = Debug|Any CPU
		{928D5EE5-E863-40C3-970C-8CC02958380D}.Debug|iPhoneSimulator.Build.0 = Debug|Any CPU
		{928D5EE5-E863-40C3-970C-8CC02958380D}.Debug|iPhoneSimulator.Deploy.0 = Debug|Any CPU
		{928D5EE5-E863-40C3-970C-8CC02958380D}.Release|Any CPU.ActiveCfg = Release|Any CPU
		{928D5EE5-E863-40C3-970C-8CC02958380D}.Release|Any CPU.Build.0 = Release|Any CPU
		{928D5EE5-E863-40C3-970C-8CC02958380D}.Release|Any CPU.Deploy.0 = Release|Any CPU
		{928D5EE5-E863-40C3-970C-8CC02958380D}.Release|iPhone.ActiveCfg = Release|Any CPU
		{928D5EE5-E863-40C3-970C-8CC02958380D}.Release|iPhone.Build.0 = Release|Any CPU
		{928D5EE5-E863-40C3-970C-8CC02958380D}.Release|iPhone.Deploy.0 = Release|Any CPU
		{928D5EE5-E863-40C3-970C-8CC02958380D}.Release|iPhoneSimulator.ActiveCfg = Release|Any CPU
		{928D5EE5-E863-40C3-970C-8CC02958380D}.Release|iPhoneSimulator.Build.0 = Release|Any CPU
		{928D5EE5-E863-40C3-970C-8CC02958380D}.Release|iPhoneSimulator.Deploy.0 = Release|Any CPU
		{C99DEB08-1158-4FAF-ACB0-64FAF0F964AF}.Debug|Any CPU.ActiveCfg = Debug|iPhone
		{C99DEB08-1158-4FAF-ACB0-64FAF0F964AF}.Debug|iPhone.ActiveCfg = Debug|iPhone
		{C99DEB08-1158-4FAF-ACB0-64FAF0F964AF}.Debug|iPhone.Build.0 = Debug|iPhone
		{C99DEB08-1158-4FAF-ACB0-64FAF0F964AF}.Debug|iPhoneSimulator.ActiveCfg = Debug|iPhoneSimulator
		{C99DEB08-1158-4FAF-ACB0-64FAF0F964AF}.Debug|iPhoneSimulator.Build.0 = Debug|iPhoneSimulator
		{C99DEB08-1158-4FAF-ACB0-64FAF0F964AF}.Release|Any CPU.ActiveCfg = Release|iPhone
		{C99DEB08-1158-4FAF-ACB0-64FAF0F964AF}.Release|iPhone.ActiveCfg = Release|iPhone
		{C99DEB08-1158-4FAF-ACB0-64FAF0F964AF}.Release|iPhone.Build.0 = Release|iPhone
		{C99DEB08-1158-4FAF-ACB0-64FAF0F964AF}.Release|iPhoneSimulator.ActiveCfg = Release|iPhoneSimulator
		{C99DEB08-1158-4FAF-ACB0-64FAF0F964AF}.Release|iPhoneSimulator.Build.0 = Release|iPhoneSimulator
		{B23D0F7C-3AE5-422B-A6D4-25EEFF6297E8}.Debug|Any CPU.ActiveCfg = Debug|Any CPU
		{B23D0F7C-3AE5-422B-A6D4-25EEFF6297E8}.Debug|Any CPU.Build.0 = Debug|Any CPU
		{B23D0F7C-3AE5-422B-A6D4-25EEFF6297E8}.Debug|iPhone.ActiveCfg = Debug|Any CPU
		{B23D0F7C-3AE5-422B-A6D4-25EEFF6297E8}.Debug|iPhone.Build.0 = Debug|Any CPU
		{B23D0F7C-3AE5-422B-A6D4-25EEFF6297E8}.Debug|iPhoneSimulator.ActiveCfg = Debug|Any CPU
		{B23D0F7C-3AE5-422B-A6D4-25EEFF6297E8}.Debug|iPhoneSimulator.Build.0 = Debug|Any CPU
		{B23D0F7C-3AE5-422B-A6D4-25EEFF6297E8}.Release|Any CPU.ActiveCfg = Release|Any CPU
		{B23D0F7C-3AE5-422B-A6D4-25EEFF6297E8}.Release|Any CPU.Build.0 = Release|Any CPU
		{B23D0F7C-3AE5-422B-A6D4-25EEFF6297E8}.Release|iPhone.ActiveCfg = Release|Any CPU
		{B23D0F7C-3AE5-422B-A6D4-25EEFF6297E8}.Release|iPhone.Build.0 = Release|Any CPU
		{B23D0F7C-3AE5-422B-A6D4-25EEFF6297E8}.Release|iPhoneSimulator.ActiveCfg = Release|Any CPU
		{B23D0F7C-3AE5-422B-A6D4-25EEFF6297E8}.Release|iPhoneSimulator.Build.0 = Release|Any CPU
	EndGlobalSection
	GlobalSection(SolutionProperties) = preSolution
		HideSolutionNode = FALSE
	EndGlobalSection
EndGlobal
